
Microsoft Visual Studio Solution File, Format Version 12.00
# Visual Studio 15
VisualStudioVersion = 15.0.27130.2027
MinimumVisualStudioVersion = 10.0.40219.1
Project("{9A19103F-16F7-4668-BE54-9A1E7A4F7556}") = "VideoRentStore.API", "VideoRentStore.API\VideoRentStore.API.csproj", "{8AC05CC2-625A-4367-9FED-AADD5B742E59}"
EndProject
Project("{9A19103F-16F7-4668-BE54-9A1E7A4F7556}") = "VideoRentStore.API.IntegrationTest", "VideoRentStore.API.IntegrationTest\VideoRentStore.API.IntegrationTest.csproj", "{D65728CC-2825-4B63-9E54-FC53794AD423}"
EndProject
Global
	GlobalSection(SolutionConfigurationPlatforms) = preSolution
		Debug|Any CPU = Debug|Any CPU
		Release|Any CPU = Release|Any CPU
	EndGlobalSection
	GlobalSection(ProjectConfigurationPlatforms) = postSolution
		{8AC05CC2-625A-4367-9FED-AADD5B742E59}.Debug|Any CPU.ActiveCfg = Debug|Any CPU
		{8AC05CC2-625A-4367-9FED-AADD5B742E59}.Debug|Any CPU.Build.0 = Debug|Any CPU
		{8AC05CC2-625A-4367-9FED-AADD5B742E59}.Release|Any CPU.ActiveCfg = Release|Any CPU
		{8AC05CC2-625A-4367-9FED-AADD5B742E59}.Release|Any CPU.Build.0 = Release|Any CPU
		{D65728CC-2825-4B63-9E54-FC53794AD423}.Debug|Any CPU.ActiveCfg = Debug|Any CPU
		{D65728CC-2825-4B63-9E54-FC53794AD423}.Debug|Any CPU.Build.0 = Debug|Any CPU
		{D65728CC-2825-4B63-9E54-FC53794AD423}.Release|Any CPU.ActiveCfg = Release|Any CPU
		{D65728CC-2825-4B63-9E54-FC53794AD423}.Release|Any CPU.Build.0 = Release|Any CPU
	EndGlobalSection
	GlobalSection(SolutionProperties) = preSolution
		HideSolutionNode = FALSE
	EndGlobalSection
	GlobalSection(ExtensibilityGlobals) = postSolution
		SolutionGuid = {7C426942-A874-42B2-A6FE-044F97F0888F}
	EndGlobalSection
EndGlobal
